
Microsoft Visual Studio Solution File, Format Version 12.00
# Visual Studio 15
VisualStudioVersion = 15.0.26124.0
MinimumVisualStudioVersion = 15.0.26124.0
Project("{FAE04EC0-301F-11D3-BF4B-00C04F79EFBC}") = "functions", "functions\functions.csproj", "{D2F98FD7-4E16-4470-A641-09C39DE72EA9}"
EndProject
Project("{FAE04EC0-301F-11D3-BF4B-00C04F79EFBC}") = "layer0", "layer0\layer0.csproj", "{B8E88A03-03CC-4007-A634-657C23FA96F4}"
EndProject
Project("{FAE04EC0-301F-11D3-BF4B-00C04F79EFBC}") = "layer1", "layer1\layer1.csproj", "{DAD10EAB-CAC6-4C96-B168-202A49CADF7E}"
EndProject
Project("{FAE04EC0-301F-11D3-BF4B-00C04F79EFBC}") = "layer2", "layer2\layer2.csproj", "{4B3B4A5E-65A9-4F9A-9026-2CDB2BC17742}"
EndProject
Project("{FAE04EC0-301F-11D3-BF4B-00C04F79EFBC}") = "layer3", "layer3\layer3.csproj", "{2B67383B-2A81-4646-B9EF-E239F7E43E80}"
EndProject
Project("{FAE04EC0-301F-11D3-BF4B-00C04F79EFBC}") = "layer4", "layer4\layer4.csproj", "{35C3F477-61CF-4AB0-88F9-3697B9847C1F}"
EndProject
Project("{FAE04EC0-301F-11D3-BF4B-00C04F79EFBC}") = "layer5", "layer5\layer5.csproj", "{29A8A7D7-8314-4A56-8A92-26886431ED91}"
EndProject
Global
	GlobalSection(SolutionConfigurationPlatforms) = preSolution
		Debug|Any CPU = Debug|Any CPU
		Debug|x64 = Debug|x64
		Debug|x86 = Debug|x86
		Release|Any CPU = Release|Any CPU
		Release|x64 = Release|x64
		Release|x86 = Release|x86
	EndGlobalSection
	GlobalSection(SolutionProperties) = preSolution
		HideSolutionNode = FALSE
	EndGlobalSection
	GlobalSection(ProjectConfigurationPlatforms) = postSolution
		{D2F98FD7-4E16-4470-A641-09C39DE72EA9}.Debug|Any CPU.ActiveCfg = Debug|Any CPU
		{D2F98FD7-4E16-4470-A641-09C39DE72EA9}.Debug|Any CPU.Build.0 = Debug|Any CPU
		{D2F98FD7-4E16-4470-A641-09C39DE72EA9}.Debug|x64.ActiveCfg = Debug|Any CPU
		{D2F98FD7-4E16-4470-A641-09C39DE72EA9}.Debug|x64.Build.0 = Debug|Any CPU
		{D2F98FD7-4E16-4470-A641-09C39DE72EA9}.Debug|x86.ActiveCfg = Debug|Any CPU
		{D2F98FD7-4E16-4470-A641-09C39DE72EA9}.Debug|x86.Build.0 = Debug|Any CPU
		{D2F98FD7-4E16-4470-A641-09C39DE72EA9}.Release|Any CPU.ActiveCfg = Release|Any CPU
		{D2F98FD7-4E16-4470-A641-09C39DE72EA9}.Release|Any CPU.Build.0 = Release|Any CPU
		{D2F98FD7-4E16-4470-A641-09C39DE72EA9}.Release|x64.ActiveCfg = Release|Any CPU
		{D2F98FD7-4E16-4470-A641-09C39DE72EA9}.Release|x64.Build.0 = Release|Any CPU
		{D2F98FD7-4E16-4470-A641-09C39DE72EA9}.Release|x86.ActiveCfg = Release|Any CPU
		{D2F98FD7-4E16-4470-A641-09C39DE72EA9}.Release|x86.Build.0 = Release|Any CPU
		{B8E88A03-03CC-4007-A634-657C23FA96F4}.Debug|Any CPU.ActiveCfg = Debug|Any CPU
		{B8E88A03-03CC-4007-A634-657C23FA96F4}.Debug|Any CPU.Build.0 = Debug|Any CPU
		{B8E88A03-03CC-4007-A634-657C23FA96F4}.Debug|x64.ActiveCfg = Debug|Any CPU
		{B8E88A03-03CC-4007-A634-657C23FA96F4}.Debug|x64.Build.0 = Debug|Any CPU
		{B8E88A03-03CC-4007-A634-657C23FA96F4}.Debug|x86.ActiveCfg = Debug|Any CPU
		{B8E88A03-03CC-4007-A634-657C23FA96F4}.Debug|x86.Build.0 = Debug|Any CPU
		{B8E88A03-03CC-4007-A634-657C23FA96F4}.Release|Any CPU.ActiveCfg = Release|Any CPU
		{B8E88A03-03CC-4007-A634-657C23FA96F4}.Release|Any CPU.Build.0 = Release|Any CPU
		{B8E88A03-03CC-4007-A634-657C23FA96F4}.Release|x64.ActiveCfg = Release|Any CPU
		{B8E88A03-03CC-4007-A634-657C23FA96F4}.Release|x64.Build.0 = Release|Any CPU
		{B8E88A03-03CC-4007-A634-657C23FA96F4}.Release|x86.ActiveCfg = Release|Any CPU
		{B8E88A03-03CC-4007-A634-657C23FA96F4}.Release|x86.Build.0 = Release|Any CPU
		{DAD10EAB-CAC6-4C96-B168-202A49CADF7E}.Debug|Any CPU.ActiveCfg = Debug|Any CPU
		{DAD10EAB-CAC6-4C96-B168-202A49CADF7E}.Debug|Any CPU.Build.0 = Debug|Any CPU
		{DAD10EAB-CAC6-4C96-B168-202A49CADF7E}.Debug|x64.ActiveCfg = Debug|Any CPU
		{DAD10EAB-CAC6-4C96-B168-202A49CADF7E}.Debug|x64.Build.0 = Debug|Any CPU
		{DAD10EAB-CAC6-4C96-B168-202A49CADF7E}.Debug|x86.ActiveCfg = Debug|Any CPU
		{DAD10EAB-CAC6-4C96-B168-202A49CADF7E}.Debug|x86.Build.0 = Debug|Any CPU
		{DAD10EAB-CAC6-4C96-B168-202A49CADF7E}.Release|Any CPU.ActiveCfg = Release|Any CPU
		{DAD10EAB-CAC6-4C96-B168-202A49CADF7E}.Release|Any CPU.Build.0 = Release|Any CPU
		{DAD10EAB-CAC6-4C96-B168-202A49CADF7E}.Release|x64.ActiveCfg = Release|Any CPU
		{DAD10EAB-CAC6-4C96-B168-202A49CADF7E}.Release|x64.Build.0 = Release|Any CPU
		{DAD10EAB-CAC6-4C96-B168-202A49CADF7E}.Release|x86.ActiveCfg = Release|Any CPU
		{DAD10EAB-CAC6-4C96-B168-202A49CADF7E}.Release|x86.Build.0 = Release|Any CPU
		{4B3B4A5E-65A9-4F9A-9026-2CDB2BC17742}.Debug|Any CPU.ActiveCfg = Debug|Any CPU
		{4B3B4A5E-65A9-4F9A-9026-2CDB2BC17742}.Debug|Any CPU.Build.0 = Debug|Any CPU
		{4B3B4A5E-65A9-4F9A-9026-2CDB2BC17742}.Debug|x64.ActiveCfg = Debug|Any CPU
		{4B3B4A5E-65A9-4F9A-9026-2CDB2BC17742}.Debug|x64.Build.0 = Debug|Any CPU
		{4B3B4A5E-65A9-4F9A-9026-2CDB2BC17742}.Debug|x86.ActiveCfg = Debug|Any CPU
		{4B3B4A5E-65A9-4F9A-9026-2CDB2BC17742}.Debug|x86.Build.0 = Debug|Any CPU
		{4B3B4A5E-65A9-4F9A-9026-2CDB2BC17742}.Release|Any CPU.ActiveCfg = Release|Any CPU
		{4B3B4A5E-65A9-4F9A-9026-2CDB2BC17742}.Release|Any CPU.Build.0 = Release|Any CPU
		{4B3B4A5E-65A9-4F9A-9026-2CDB2BC17742}.Release|x64.ActiveCfg = Release|Any CPU
		{4B3B4A5E-65A9-4F9A-9026-2CDB2BC17742}.Release|x64.Build.0 = Release|Any CPU
		{4B3B4A5E-65A9-4F9A-9026-2CDB2BC17742}.Release|x86.ActiveCfg = Release|Any CPU
		{4B3B4A5E-65A9-4F9A-9026-2CDB2BC17742}.Release|x86.Build.0 = Release|Any CPU
		{2B67383B-2A81-4646-B9EF-E239F7E43E80}.Debug|Any CPU.ActiveCfg = Debug|Any CPU
		{2B67383B-2A81-4646-B9EF-E239F7E43E80}.Debug|Any CPU.Build.0 = Debug|Any CPU
		{2B67383B-2A81-4646-B9EF-E239F7E43E80}.Debug|x64.ActiveCfg = Debug|Any CPU
		{2B67383B-2A81-4646-B9EF-E239F7E43E80}.Debug|x64.Build.0 = Debug|Any CPU
		{2B67383B-2A81-4646-B9EF-E239F7E43E80}.Debug|x86.ActiveCfg = Debug|Any CPU
		{2B67383B-2A81-4646-B9EF-E239F7E43E80}.Debug|x86.Build.0 = Debug|Any CPU
		{2B67383B-2A81-4646-B9EF-E239F7E43E80}.Release|Any CPU.ActiveCfg = Release|Any CPU
		{2B67383B-2A81-4646-B9EF-E239F7E43E80}.Release|Any CPU.Build.0 = Release|Any CPU
		{2B67383B-2A81-4646-B9EF-E239F7E43E80}.Release|x64.ActiveCfg = Release|Any CPU
		{2B67383B-2A81-4646-B9EF-E239F7E43E80}.Release|x64.Build.0 = Release|Any CPU
		{2B67383B-2A81-4646-B9EF-E239F7E43E80}.Release|x86.ActiveCfg = Release|Any CPU
		{2B67383B-2A81-4646-B9EF-E239F7E43E80}.Release|x86.Build.0 = Release|Any CPU
		{35C3F477-61CF-4AB0-88F9-3697B9847C1F}.Debug|Any CPU.ActiveCfg = Debug|Any CPU
		{35C3F477-61CF-4AB0-88F9-3697B9847C1F}.Debug|Any CPU.Build.0 = Debug|Any CPU
		{35C3F477-61CF-4AB0-88F9-3697B9847C1F}.Debug|x64.ActiveCfg = Debug|Any CPU
		{35C3F477-61CF-4AB0-88F9-3697B9847C1F}.Debug|x64.Build.0 = Debug|Any CPU
		{35C3F477-61CF-4AB0-88F9-3697B9847C1F}.Debug|x86.ActiveCfg = Debug|Any CPU
		{35C3F477-61CF-4AB0-88F9-3697B9847C1F}.Debug|x86.Build.0 = Debug|Any CPU
		{35C3F477-61CF-4AB0-88F9-3697B9847C1F}.Release|Any CPU.ActiveCfg = Release|Any CPU
		{35C3F477-61CF-4AB0-88F9-3697B9847C1F}.Release|Any CPU.Build.0 = Release|Any CPU
		{35C3F477-61CF-4AB0-88F9-3697B9847C1F}.Release|x64.ActiveCfg = Release|Any CPU
		{35C3F477-61CF-4AB0-88F9-3697B9847C1F}.Release|x64.Build.0 = Release|Any CPU
		{35C3F477-61CF-4AB0-88F9-3697B9847C1F}.Release|x86.ActiveCfg = Release|Any CPU
		{35C3F477-61CF-4AB0-88F9-3697B9847C1F}.Release|x86.Build.0 = Release|Any CPU
		{29A8A7D7-8314-4A56-8A92-26886431ED91}.Debug|Any CPU.ActiveCfg = Debug|Any CPU
		{29A8A7D7-8314-4A56-8A92-26886431ED91}.Debug|Any CPU.Build.0 = Debug|Any CPU
		{29A8A7D7-8314-4A56-8A92-26886431ED91}.Debug|x64.ActiveCfg = Debug|Any CPU
		{29A8A7D7-8314-4A56-8A92-26886431ED91}.Debug|x64.Build.0 = Debug|Any CPU
		{29A8A7D7-8314-4A56-8A92-26886431ED91}.Debug|x86.ActiveCfg = Debug|Any CPU
		{29A8A7D7-8314-4A56-8A92-26886431ED91}.Debug|x86.Build.0 = Debug|Any CPU
		{29A8A7D7-8314-4A56-8A92-26886431ED91}.Release|Any CPU.ActiveCfg = Release|Any CPU
		{29A8A7D7-8314-4A56-8A92-26886431ED91}.Release|Any CPU.Build.0 = Release|Any CPU
		{29A8A7D7-8314-4A56-8A92-26886431ED91}.Release|x64.ActiveCfg = Release|Any CPU
		{29A8A7D7-8314-4A56-8A92-26886431ED91}.Release|x64.Build.0 = Release|Any CPU
		{29A8A7D7-8314-4A56-8A92-26886431ED91}.Release|x86.ActiveCfg = Release|Any CPU
		{29A8A7D7-8314-4A56-8A92-26886431ED91}.Release|x86.Build.0 = Release|Any CPU
	EndGlobalSection
EndGlobal
